
Microsoft Visual Studio Solution File, Format Version 10.00
# Visual Studio 2008
Project("{8BC9CEB8-8B4A-11D0-8D11-00A0C91BC942}") = "qbsp2", "qbsp2.vcproj", "{031FF29F-CBDE-49B9-9E3C-74B650E70448}"
EndProject
Global
	GlobalSection(SolutionConfigurationPlatforms) = preSolution
		Debug|Win32 = Debug|Win32
		Release|Win32 = Release|Win32
	EndGlobalSection
	GlobalSection(ProjectConfigurationPlatforms) = postSolution
		{031FF29F-CBDE-49B9-9E3C-74B650E70448}.Debug|Win32.ActiveCfg = Debug|Win32
		{031FF29F-CBDE-49B9-9E3C-74B650E70448}.Debug|Win32.Build.0 = Debug|Win32
		{031FF29F-CBDE-49B9-9E3C-74B650E70448}.Release|Win32.ActiveCfg = Release|Win32
		{031FF29F-CBDE-49B9-9E3C-74B650E70448}.Release|Win32.Build.0 = Release|Win32
	EndGlobalSection
	GlobalSection(SolutionProperties) = preSolution
		HideSolutionNode = FALSE
	EndGlobalSection
EndGlobal
